
Microsoft Visual Studio Solution File, Format Version 12.00
# Visual Studio 14
VisualStudioVersion = 14.0.24720.0
MinimumVisualStudioVersion = 10.0.40219.1
Project("{FAE04EC0-301F-11D3-BF4B-00C04F79EFBC}") = "nunit-gui", "src\nunit-gui\nunit-gui.csproj", "{9E15166C-D2B7-4B24-AB1C-1C69FFCEC9D3}"
EndProject
Project("{FAE04EC0-301F-11D3-BF4B-00C04F79EFBC}") = "nunit-gui.tests", "src\tests\nunit-gui.tests.csproj", "{49D8D9F5-FD8D-4B4F-800C-68DCEE9AE166}"
EndProject
Project("{FAE04EC0-301F-11D3-BF4B-00C04F79EFBC}") = "nunit.uikit", "src\nunit.uikit\nunit.uikit.csproj", "{353BC38A-FFB9-4CAC-A542-AFBF016D2629}"
EndProject
Project("{FAE04EC0-301F-11D3-BF4B-00C04F79EFBC}") = "mock-assembly", "src\mock-assembly\mock-assembly.csproj", "{2E368281-3BA8-4050-B05E-0E0E43F8F446}"
EndProject
Project("{2150E333-8FDC-42A3-9474-1A3956D46DE8}") = "Solution Items", "Solution Items", "{42576C27-F810-4FBE-A3D4-0E0D9E9FA79D}"
	ProjectSection(SolutionItems) = preProject
		.travis.yml = .travis.yml
		appveyor.yml = appveyor.yml
		build.cake = build.cake
		build.cmd = build.cmd
		build.ps1 = build.ps1
		build.sh = build.sh
		CHANGES.txt = CHANGES.txt
		LICENSE = LICENSE
	EndProjectSection
EndProject
Project("{2150E333-8FDC-42A3-9474-1A3956D46DE8}") = "nunit-engine", "nunit-engine", "{3F520B74-13C3-45E6-A3A0-472A1968F2F1}"
EndProject
Project("{FAE04EC0-301F-11D3-BF4B-00C04F79EFBC}") = "nunit.engine.api", "nunit-console\src\NUnitEngine\nunit.engine.api\nunit.engine.api.csproj", "{775FAD50-3623-4922-97C4-DFB29A8BE4C7}"
EndProject
Project("{FAE04EC0-301F-11D3-BF4B-00C04F79EFBC}") = "nunit.engine", "nunit-console\src\NUnitEngine\nunit.engine\nunit.engine.csproj", "{372A3447-D657-40FF-A089-77C19FEC30C8}"
EndProject
Global
	GlobalSection(SolutionConfigurationPlatforms) = preSolution
		Debug|Any CPU = Debug|Any CPU
		Release|Any CPU = Release|Any CPU
	EndGlobalSection
	GlobalSection(ProjectConfigurationPlatforms) = postSolution
		{9E15166C-D2B7-4B24-AB1C-1C69FFCEC9D3}.Debug|Any CPU.ActiveCfg = Debug|Any CPU
		{9E15166C-D2B7-4B24-AB1C-1C69FFCEC9D3}.Debug|Any CPU.Build.0 = Debug|Any CPU
		{9E15166C-D2B7-4B24-AB1C-1C69FFCEC9D3}.Release|Any CPU.ActiveCfg = Release|Any CPU
		{9E15166C-D2B7-4B24-AB1C-1C69FFCEC9D3}.Release|Any CPU.Build.0 = Release|Any CPU
		{49D8D9F5-FD8D-4B4F-800C-68DCEE9AE166}.Debug|Any CPU.ActiveCfg = Debug|Any CPU
		{49D8D9F5-FD8D-4B4F-800C-68DCEE9AE166}.Debug|Any CPU.Build.0 = Debug|Any CPU
		{49D8D9F5-FD8D-4B4F-800C-68DCEE9AE166}.Release|Any CPU.ActiveCfg = Release|Any CPU
		{49D8D9F5-FD8D-4B4F-800C-68DCEE9AE166}.Release|Any CPU.Build.0 = Release|Any CPU
		{353BC38A-FFB9-4CAC-A542-AFBF016D2629}.Debug|Any CPU.ActiveCfg = Debug|Any CPU
		{353BC38A-FFB9-4CAC-A542-AFBF016D2629}.Debug|Any CPU.Build.0 = Debug|Any CPU
		{353BC38A-FFB9-4CAC-A542-AFBF016D2629}.Release|Any CPU.ActiveCfg = Release|Any CPU
		{353BC38A-FFB9-4CAC-A542-AFBF016D2629}.Release|Any CPU.Build.0 = Release|Any CPU
		{2E368281-3BA8-4050-B05E-0E0E43F8F446}.Debug|Any CPU.ActiveCfg = Debug|Any CPU
		{2E368281-3BA8-4050-B05E-0E0E43F8F446}.Debug|Any CPU.Build.0 = Debug|Any CPU
		{2E368281-3BA8-4050-B05E-0E0E43F8F446}.Release|Any CPU.ActiveCfg = Release|Any CPU
		{2E368281-3BA8-4050-B05E-0E0E43F8F446}.Release|Any CPU.Build.0 = Release|Any CPU
		{775FAD50-3623-4922-97C4-DFB29A8BE4C7}.Debug|Any CPU.ActiveCfg = Debug|Any CPU
		{775FAD50-3623-4922-97C4-DFB29A8BE4C7}.Debug|Any CPU.Build.0 = Debug|Any CPU
		{775FAD50-3623-4922-97C4-DFB29A8BE4C7}.Release|Any CPU.ActiveCfg = Release|Any CPU
		{775FAD50-3623-4922-97C4-DFB29A8BE4C7}.Release|Any CPU.Build.0 = Release|Any CPU
		{372A3447-D657-40FF-A089-77C19FEC30C8}.Debug|Any CPU.ActiveCfg = Debug|Any CPU
		{372A3447-D657-40FF-A089-77C19FEC30C8}.Debug|Any CPU.Build.0 = Debug|Any CPU
		{372A3447-D657-40FF-A089-77C19FEC30C8}.Release|Any CPU.ActiveCfg = Release|Any CPU
		{372A3447-D657-40FF-A089-77C19FEC30C8}.Release|Any CPU.Build.0 = Release|Any CPU
	EndGlobalSection
	GlobalSection(SolutionProperties) = preSolution
		HideSolutionNode = FALSE
	EndGlobalSection
	GlobalSection(NestedProjects) = preSolution
		{775FAD50-3623-4922-97C4-DFB29A8BE4C7} = {3F520B74-13C3-45E6-A3A0-472A1968F2F1}
		{372A3447-D657-40FF-A089-77C19FEC30C8} = {3F520B74-13C3-45E6-A3A0-472A1968F2F1}
	EndGlobalSection
EndGlobal
